github.com/5p4c351ck/DHT-InterNodal v0.0.0-20241208165740-a0e862b75a73 h1:zf9XwbuVDxphQfBY4H/uE51VDU3Cynrksy/KlOhAz9w=
github.com/5p4c351ck/DHT-InterNodal v0.0.0-20241208165740-a0e862b75a73/go.mod h1:+bXe2PKZosak0RYt3NPZ5xC37MlUZ+g/xP2KQUPzVYc=
github.com/5p4c351ck/DHT-InterNodal v0.0.0-20241208201909-86e649530954 h1:jN4tja0OVg/5bGF6qiehPZNRPoqzT2ehE3CedcqRHnw=
github.com/5p4c351ck/DHT-InterNodal v0.0.0-20241208201909-86e649530954/go.mod h1:+bXe2PKZosak0RYt3NPZ5xC37MlUZ+g/xP2KQUPzVYc=
