github.com/5p4c351ck/DHT-InterNodal v0.0.0-20241208222312-fe6bd7906d9c h1:LhNq9sX6WAgWkf2dV4zk/B+fejwuaH5ITVUb3wkAsN4=
github.com/5p4c351ck/DHT-InterNodal v0.0.0-20241208222312-fe6bd7906d9c/go.mod h1:+bXe2PKZosak0RYt3NPZ5xC37MlUZ+g/xP2KQUPzVYc=
github.com/5p4c351ck/DHT-InterNodal v0.0.0-20241209232156-251f15d5af21 h1:UgjEy4TvXV2Rn3ra8/ysk3rkmN2ynv03ak5vqsPLn+0=
github.com/5p4c351ck/DHT-InterNodal v0.0.0-20241209232156-251f15d5af21/go.mod h1:+bXe2PKZosak0RYt3NPZ5xC37MlUZ+g/xP2KQUPzVYc=
